
Microsoft Visual Studio Solution File, Format Version 12.00
# Visual Studio Version 17
VisualStudioVersion = 17.8.34309.116
MinimumVisualStudioVersion = 10.0.40219.1
Project("{FAE04EC0-301F-11D3-BF4B-00C04F79EFBC}") = "Rad_Andrada_Laborator7", "Rad_Andrada_Laborator7.csproj", "{607AF76D-3DBF-4253-906B-561E93E3225C}"
EndProject
Global
	GlobalSection(SolutionConfigurationPlatforms) = preSolution
		Debug|Any CPU = Debug|Any CPU
		Release|Any CPU = Release|Any CPU
	EndGlobalSection
	GlobalSection(ProjectConfigurationPlatforms) = postSolution
		{607AF76D-3DBF-4253-906B-561E93E3225C}.Debug|Any CPU.ActiveCfg = Debug|Any CPU
		{607AF76D-3DBF-4253-906B-561E93E3225C}.Debug|Any CPU.Build.0 = Debug|Any CPU
		{607AF76D-3DBF-4253-906B-561E93E3225C}.Debug|Any CPU.Deploy.0 = Debug|Any CPU
		{607AF76D-3DBF-4253-906B-561E93E3225C}.Release|Any CPU.ActiveCfg = Release|Any CPU
		{607AF76D-3DBF-4253-906B-561E93E3225C}.Release|Any CPU.Build.0 = Release|Any CPU
		{607AF76D-3DBF-4253-906B-561E93E3225C}.Release|Any CPU.Deploy.0 = Release|Any CPU
	EndGlobalSection
	GlobalSection(SolutionProperties) = preSolution
		HideSolutionNode = FALSE
	EndGlobalSection
	GlobalSection(ExtensibilityGlobals) = postSolution
		SolutionGuid = {679D80AD-577E-4C75-B284-281A79969CC0}
	EndGlobalSection
EndGlobal
